
Microsoft Visual Studio Solution File, Format Version 12.00
# Visual Studio Version 17
VisualStudioVersion = 17.0.32112.339
MinimumVisualStudioVersion = 10.0.40219.1
Project("{9A19103F-16F7-4668-BE54-9A1E7A4F7556}") = "AngbandOS.Core", "AngbandOS.Core\AngbandOS.Core.csproj", "{C522F5F4-DB48-4564-83EA-57706DB9FCE5}"
EndProject
Project("{9A19103F-16F7-4668-BE54-9A1E7A4F7556}") = "AngbandOS.Web", "AngbandOS.Web\AngbandOS.Web.csproj", "{E26035CA-839D-411B-8261-071020CFD5E4}"
EndProject
Project("{9A19103F-16F7-4668-BE54-9A1E7A4F7556}") = "AngbandOS.PersistentStorage.Sql", "AngbandOS.SqlPersistentStorage\AngbandOS.PersistentStorage.Sql.csproj", "{662F352C-2DF7-49CC-A1E8-FD5E9E1106A4}"
EndProject
Project("{9A19103F-16F7-4668-BE54-9A1E7A4F7556}") = "AngbandOS.Core.Interface", "AngbandOS.Interface\AngbandOS.Core.Interface.csproj", "{4BD191CF-F987-4CB4-B620-1E2DAEF1587A}"
EndProject
Project("{9A19103F-16F7-4668-BE54-9A1E7A4F7556}") = "AngbandOS.Web.Interface", "AngbandOS.Web.Interface\AngbandOS.Web.Interface.csproj", "{F71E778D-7043-4676-AACF-B323425A04F9}"
EndProject
Project("{9A19103F-16F7-4668-BE54-9A1E7A4F7556}") = "AngbandOS.WpfNet6", "AngbandOS.WpfNet6\AngbandOS.WpfNet6.csproj", "{9DE73C31-7410-4588-9758-C6B8AF036B03}"
EndProject
Project("{9A19103F-16F7-4668-BE54-9A1E7A4F7556}") = "AngbandOS.PersistentStorage.FileSystem", "AngbandOS.PersistentStorage.FileSystem\AngbandOS.PersistentStorage.FileSystem.csproj", "{BC3E66FE-4A4B-419E-BDB6-A83EF3F5898B}"
EndProject
Global
	GlobalSection(SolutionConfigurationPlatforms) = preSolution
		Debug (Separate Folders)|Any CPU = Debug (Separate Folders)|Any CPU
		Debug (Separate Folders)|x86 = Debug (Separate Folders)|x86
		Debug|Any CPU = Debug|Any CPU
		Debug|x86 = Debug|x86
		Debug1|Any CPU = Debug1|Any CPU
		Debug1|x86 = Debug1|x86
		Release|Any CPU = Release|Any CPU
		Release|x86 = Release|x86
	EndGlobalSection
	GlobalSection(ProjectConfigurationPlatforms) = postSolution
		{C522F5F4-DB48-4564-83EA-57706DB9FCE5}.Debug (Separate Folders)|Any CPU.ActiveCfg = Debug|Any CPU
		{C522F5F4-DB48-4564-83EA-57706DB9FCE5}.Debug (Separate Folders)|Any CPU.Build.0 = Debug|Any CPU
		{C522F5F4-DB48-4564-83EA-57706DB9FCE5}.Debug (Separate Folders)|x86.ActiveCfg = Debug|Any CPU
		{C522F5F4-DB48-4564-83EA-57706DB9FCE5}.Debug (Separate Folders)|x86.Build.0 = Debug|Any CPU
		{C522F5F4-DB48-4564-83EA-57706DB9FCE5}.Debug|Any CPU.ActiveCfg = Debug|Any CPU
		{C522F5F4-DB48-4564-83EA-57706DB9FCE5}.Debug|Any CPU.Build.0 = Debug|Any CPU
		{C522F5F4-DB48-4564-83EA-57706DB9FCE5}.Debug|x86.ActiveCfg = Debug|Any CPU
		{C522F5F4-DB48-4564-83EA-57706DB9FCE5}.Debug|x86.Build.0 = Debug|Any CPU
		{C522F5F4-DB48-4564-83EA-57706DB9FCE5}.Debug1|Any CPU.ActiveCfg = Debug|Any CPU
		{C522F5F4-DB48-4564-83EA-57706DB9FCE5}.Debug1|Any CPU.Build.0 = Debug|Any CPU
		{C522F5F4-DB48-4564-83EA-57706DB9FCE5}.Debug1|x86.ActiveCfg = Debug|Any CPU
		{C522F5F4-DB48-4564-83EA-57706DB9FCE5}.Debug1|x86.Build.0 = Debug|Any CPU
		{C522F5F4-DB48-4564-83EA-57706DB9FCE5}.Release|Any CPU.ActiveCfg = Release|Any CPU
		{C522F5F4-DB48-4564-83EA-57706DB9FCE5}.Release|Any CPU.Build.0 = Release|Any CPU
		{C522F5F4-DB48-4564-83EA-57706DB9FCE5}.Release|x86.ActiveCfg = Release|Any CPU
		{C522F5F4-DB48-4564-83EA-57706DB9FCE5}.Release|x86.Build.0 = Release|Any CPU
		{E26035CA-839D-411B-8261-071020CFD5E4}.Debug (Separate Folders)|Any CPU.ActiveCfg = Debug|Any CPU
		{E26035CA-839D-411B-8261-071020CFD5E4}.Debug (Separate Folders)|Any CPU.Build.0 = Debug|Any CPU
		{E26035CA-839D-411B-8261-071020CFD5E4}.Debug (Separate Folders)|x86.ActiveCfg = Debug|Any CPU
		{E26035CA-839D-411B-8261-071020CFD5E4}.Debug (Separate Folders)|x86.Build.0 = Debug|Any CPU
		{E26035CA-839D-411B-8261-071020CFD5E4}.Debug|Any CPU.ActiveCfg = Debug|Any CPU
		{E26035CA-839D-411B-8261-071020CFD5E4}.Debug|Any CPU.Build.0 = Debug|Any CPU
		{E26035CA-839D-411B-8261-071020CFD5E4}.Debug|x86.ActiveCfg = Debug|Any CPU
		{E26035CA-839D-411B-8261-071020CFD5E4}.Debug|x86.Build.0 = Debug|Any CPU
		{E26035CA-839D-411B-8261-071020CFD5E4}.Debug1|Any CPU.ActiveCfg = Debug|Any CPU
		{E26035CA-839D-411B-8261-071020CFD5E4}.Debug1|Any CPU.Build.0 = Debug|Any CPU
		{E26035CA-839D-411B-8261-071020CFD5E4}.Debug1|x86.ActiveCfg = Debug|Any CPU
		{E26035CA-839D-411B-8261-071020CFD5E4}.Debug1|x86.Build.0 = Debug|Any CPU
		{E26035CA-839D-411B-8261-071020CFD5E4}.Release|Any CPU.ActiveCfg = Release|Any CPU
		{E26035CA-839D-411B-8261-071020CFD5E4}.Release|Any CPU.Build.0 = Release|Any CPU
		{E26035CA-839D-411B-8261-071020CFD5E4}.Release|x86.ActiveCfg = Release|Any CPU
		{E26035CA-839D-411B-8261-071020CFD5E4}.Release|x86.Build.0 = Release|Any CPU
		{662F352C-2DF7-49CC-A1E8-FD5E9E1106A4}.Debug (Separate Folders)|Any CPU.ActiveCfg = Debug|Any CPU
		{662F352C-2DF7-49CC-A1E8-FD5E9E1106A4}.Debug (Separate Folders)|Any CPU.Build.0 = Debug|Any CPU
		{662F352C-2DF7-49CC-A1E8-FD5E9E1106A4}.Debug (Separate Folders)|x86.ActiveCfg = Debug|Any CPU
		{662F352C-2DF7-49CC-A1E8-FD5E9E1106A4}.Debug (Separate Folders)|x86.Build.0 = Debug|Any CPU
		{662F352C-2DF7-49CC-A1E8-FD5E9E1106A4}.Debug|Any CPU.ActiveCfg = Debug|Any CPU
		{662F352C-2DF7-49CC-A1E8-FD5E9E1106A4}.Debug|Any CPU.Build.0 = Debug|Any CPU
		{662F352C-2DF7-49CC-A1E8-FD5E9E1106A4}.Debug|x86.ActiveCfg = Debug|Any CPU
		{662F352C-2DF7-49CC-A1E8-FD5E9E1106A4}.Debug|x86.Build.0 = Debug|Any CPU
		{662F352C-2DF7-49CC-A1E8-FD5E9E1106A4}.Debug1|Any CPU.ActiveCfg = Debug|Any CPU
		{662F352C-2DF7-49CC-A1E8-FD5E9E1106A4}.Debug1|Any CPU.Build.0 = Debug|Any CPU
		{662F352C-2DF7-49CC-A1E8-FD5E9E1106A4}.Debug1|x86.ActiveCfg = Debug|Any CPU
		{662F352C-2DF7-49CC-A1E8-FD5E9E1106A4}.Debug1|x86.Build.0 = Debug|Any CPU
		{662F352C-2DF7-49CC-A1E8-FD5E9E1106A4}.Release|Any CPU.ActiveCfg = Release|Any CPU
		{662F352C-2DF7-49CC-A1E8-FD5E9E1106A4}.Release|Any CPU.Build.0 = Release|Any CPU
		{662F352C-2DF7-49CC-A1E8-FD5E9E1106A4}.Release|x86.ActiveCfg = Release|Any CPU
		{662F352C-2DF7-49CC-A1E8-FD5E9E1106A4}.Release|x86.Build.0 = Release|Any CPU
		{4BD191CF-F987-4CB4-B620-1E2DAEF1587A}.Debug (Separate Folders)|Any CPU.ActiveCfg = Debug|Any CPU
		{4BD191CF-F987-4CB4-B620-1E2DAEF1587A}.Debug (Separate Folders)|Any CPU.Build.0 = Debug|Any CPU
		{4BD191CF-F987-4CB4-B620-1E2DAEF1587A}.Debug (Separate Folders)|x86.ActiveCfg = Debug|Any CPU
		{4BD191CF-F987-4CB4-B620-1E2DAEF1587A}.Debug (Separate Folders)|x86.Build.0 = Debug|Any CPU
		{4BD191CF-F987-4CB4-B620-1E2DAEF1587A}.Debug|Any CPU.ActiveCfg = Debug|Any CPU
		{4BD191CF-F987-4CB4-B620-1E2DAEF1587A}.Debug|Any CPU.Build.0 = Debug|Any CPU
		{4BD191CF-F987-4CB4-B620-1E2DAEF1587A}.Debug|x86.ActiveCfg = Debug|Any CPU
		{4BD191CF-F987-4CB4-B620-1E2DAEF1587A}.Debug|x86.Build.0 = Debug|Any CPU
		{4BD191CF-F987-4CB4-B620-1E2DAEF1587A}.Debug1|Any CPU.ActiveCfg = Debug|Any CPU
		{4BD191CF-F987-4CB4-B620-1E2DAEF1587A}.Debug1|Any CPU.Build.0 = Debug|Any CPU
		{4BD191CF-F987-4CB4-B620-1E2DAEF1587A}.Debug1|x86.ActiveCfg = Debug|Any CPU
		{4BD191CF-F987-4CB4-B620-1E2DAEF1587A}.Debug1|x86.Build.0 = Debug|Any CPU
		{4BD191CF-F987-4CB4-B620-1E2DAEF1587A}.Release|Any CPU.ActiveCfg = Release|Any CPU
		{4BD191CF-F987-4CB4-B620-1E2DAEF1587A}.Release|Any CPU.Build.0 = Release|Any CPU
		{4BD191CF-F987-4CB4-B620-1E2DAEF1587A}.Release|x86.ActiveCfg = Release|Any CPU
		{4BD191CF-F987-4CB4-B620-1E2DAEF1587A}.Release|x86.Build.0 = Release|Any CPU
		{F71E778D-7043-4676-AACF-B323425A04F9}.Debug (Separate Folders)|Any CPU.ActiveCfg = Debug|Any CPU
		{F71E778D-7043-4676-AACF-B323425A04F9}.Debug (Separate Folders)|Any CPU.Build.0 = Debug|Any CPU
		{F71E778D-7043-4676-AACF-B323425A04F9}.Debug (Separate Folders)|x86.ActiveCfg = Debug|Any CPU
		{F71E778D-7043-4676-AACF-B323425A04F9}.Debug (Separate Folders)|x86.Build.0 = Debug|Any CPU
		{F71E778D-7043-4676-AACF-B323425A04F9}.Debug|Any CPU.ActiveCfg = Debug|Any CPU
		{F71E778D-7043-4676-AACF-B323425A04F9}.Debug|Any CPU.Build.0 = Debug|Any CPU
		{F71E778D-7043-4676-AACF-B323425A04F9}.Debug|x86.ActiveCfg = Debug|Any CPU
		{F71E778D-7043-4676-AACF-B323425A04F9}.Debug|x86.Build.0 = Debug|Any CPU
		{F71E778D-7043-4676-AACF-B323425A04F9}.Debug1|Any CPU.ActiveCfg = Debug|Any CPU
		{F71E778D-7043-4676-AACF-B323425A04F9}.Debug1|Any CPU.Build.0 = Debug|Any CPU
		{F71E778D-7043-4676-AACF-B323425A04F9}.Debug1|x86.ActiveCfg = Debug|Any CPU
		{F71E778D-7043-4676-AACF-B323425A04F9}.Debug1|x86.Build.0 = Debug|Any CPU
		{F71E778D-7043-4676-AACF-B323425A04F9}.Release|Any CPU.ActiveCfg = Release|Any CPU
		{F71E778D-7043-4676-AACF-B323425A04F9}.Release|Any CPU.Build.0 = Release|Any CPU
		{F71E778D-7043-4676-AACF-B323425A04F9}.Release|x86.ActiveCfg = Release|Any CPU
		{F71E778D-7043-4676-AACF-B323425A04F9}.Release|x86.Build.0 = Release|Any CPU
		{9DE73C31-7410-4588-9758-C6B8AF036B03}.Debug (Separate Folders)|Any CPU.ActiveCfg = Debug|Any CPU
		{9DE73C31-7410-4588-9758-C6B8AF036B03}.Debug (Separate Folders)|Any CPU.Build.0 = Debug|Any CPU
		{9DE73C31-7410-4588-9758-C6B8AF036B03}.Debug (Separate Folders)|x86.ActiveCfg = Debug|Any CPU
		{9DE73C31-7410-4588-9758-C6B8AF036B03}.Debug (Separate Folders)|x86.Build.0 = Debug|Any CPU
		{9DE73C31-7410-4588-9758-C6B8AF036B03}.Debug|Any CPU.ActiveCfg = Debug|Any CPU
		{9DE73C31-7410-4588-9758-C6B8AF036B03}.Debug|Any CPU.Build.0 = Debug|Any CPU
		{9DE73C31-7410-4588-9758-C6B8AF036B03}.Debug|x86.ActiveCfg = Debug|Any CPU
		{9DE73C31-7410-4588-9758-C6B8AF036B03}.Debug|x86.Build.0 = Debug|Any CPU
		{9DE73C31-7410-4588-9758-C6B8AF036B03}.Debug1|Any CPU.ActiveCfg = Debug|Any CPU
		{9DE73C31-7410-4588-9758-C6B8AF036B03}.Debug1|Any CPU.Build.0 = Debug|Any CPU
		{9DE73C31-7410-4588-9758-C6B8AF036B03}.Debug1|x86.ActiveCfg = Debug|Any CPU
		{9DE73C31-7410-4588-9758-C6B8AF036B03}.Debug1|x86.Build.0 = Debug|Any CPU
		{9DE73C31-7410-4588-9758-C6B8AF036B03}.Release|Any CPU.ActiveCfg = Release|Any CPU
		{9DE73C31-7410-4588-9758-C6B8AF036B03}.Release|Any CPU.Build.0 = Release|Any CPU
		{9DE73C31-7410-4588-9758-C6B8AF036B03}.Release|x86.ActiveCfg = Release|Any CPU
		{9DE73C31-7410-4588-9758-C6B8AF036B03}.Release|x86.Build.0 = Release|Any CPU
		{BC3E66FE-4A4B-419E-BDB6-A83EF3F5898B}.Debug (Separate Folders)|Any CPU.ActiveCfg = Debug|Any CPU
		{BC3E66FE-4A4B-419E-BDB6-A83EF3F5898B}.Debug (Separate Folders)|Any CPU.Build.0 = Debug|Any CPU
		{BC3E66FE-4A4B-419E-BDB6-A83EF3F5898B}.Debug (Separate Folders)|x86.ActiveCfg = Debug|Any CPU
		{BC3E66FE-4A4B-419E-BDB6-A83EF3F5898B}.Debug (Separate Folders)|x86.Build.0 = Debug|Any CPU
		{BC3E66FE-4A4B-419E-BDB6-A83EF3F5898B}.Debug|Any CPU.ActiveCfg = Debug|Any CPU
		{BC3E66FE-4A4B-419E-BDB6-A83EF3F5898B}.Debug|Any CPU.Build.0 = Debug|Any CPU
		{BC3E66FE-4A4B-419E-BDB6-A83EF3F5898B}.Debug|x86.ActiveCfg = Debug|Any CPU
		{BC3E66FE-4A4B-419E-BDB6-A83EF3F5898B}.Debug|x86.Build.0 = Debug|Any CPU
		{BC3E66FE-4A4B-419E-BDB6-A83EF3F5898B}.Debug1|Any CPU.ActiveCfg = Debug|Any CPU
		{BC3E66FE-4A4B-419E-BDB6-A83EF3F5898B}.Debug1|Any CPU.Build.0 = Debug|Any CPU
		{BC3E66FE-4A4B-419E-BDB6-A83EF3F5898B}.Debug1|x86.ActiveCfg = Debug|Any CPU
		{BC3E66FE-4A4B-419E-BDB6-A83EF3F5898B}.Debug1|x86.Build.0 = Debug|Any CPU
		{BC3E66FE-4A4B-419E-BDB6-A83EF3F5898B}.Release|Any CPU.ActiveCfg = Release|Any CPU
		{BC3E66FE-4A4B-419E-BDB6-A83EF3F5898B}.Release|Any CPU.Build.0 = Release|Any CPU
		{BC3E66FE-4A4B-419E-BDB6-A83EF3F5898B}.Release|x86.ActiveCfg = Release|Any CPU
		{BC3E66FE-4A4B-419E-BDB6-A83EF3F5898B}.Release|x86.Build.0 = Release|Any CPU
	EndGlobalSection
	GlobalSection(SolutionProperties) = preSolution
		HideSolutionNode = FALSE
	EndGlobalSection
	GlobalSection(ExtensibilityGlobals) = postSolution
		SolutionGuid = {BAEA4871-5943-4663-A75B-F73242F8E73D}
	EndGlobalSection
EndGlobal
