
Microsoft Visual Studio Solution File, Format Version 12.00
# Visual Studio Version 17
VisualStudioVersion = 17.0.32112.339
MinimumVisualStudioVersion = 10.0.40219.1
Project("{9A19103F-16F7-4668-BE54-9A1E7A4F7556}") = "AngbandOS.Core", "AngbandOS.Core\AngbandOS.Core.csproj", "{C522F5F4-DB48-4564-83EA-57706DB9FCE5}"
EndProject
Project("{9A19103F-16F7-4668-BE54-9A1E7A4F7556}") = "AngbandOS.Web", "AngbandOS.Web\AngbandOS.Web.csproj", "{E26035CA-839D-411B-8261-071020CFD5E4}"
EndProject
Project("{9A19103F-16F7-4668-BE54-9A1E7A4F7556}") = "AngbandOS.PersistentStorage.Sql", "AngbandOS.SqlPersistentStorage\AngbandOS.PersistentStorage.Sql.csproj", "{662F352C-2DF7-49CC-A1E8-FD5E9E1106A4}"
EndProject
Project("{9A19103F-16F7-4668-BE54-9A1E7A4F7556}") = "AngbandOS.Core.Interface", "AngbandOS.Interface\AngbandOS.Core.Interface.csproj", "{4BD191CF-F987-4CB4-B620-1E2DAEF1587A}"
EndProject
Project("{9A19103F-16F7-4668-BE54-9A1E7A4F7556}") = "AngbandOS.Web.Interface", "AngbandOS.Web.Interface\AngbandOS.Web.Interface.csproj", "{F71E778D-7043-4676-AACF-B323425A04F9}"
EndProject
Project("{FAE04EC0-301F-11D3-BF4B-00C04F79EFBC}") = "ScriptingEngine", "ScriptingEngine\ScriptingEngine.csproj", "{5E93CF75-1DB6-0075-063B-10FAE16D1C1D}"
EndProject
Project("{FAE04EC0-301F-11D3-BF4B-00C04F79EFBC}") = "byMarc.Net2.Library.LanguageParsing.SearchExpressions", "byMarc.Net2.Library.LanguageParsing.SearchExpressions\byMarc.Net2.Library.LanguageParsing.SearchExpressions.csproj", "{9C3DD4F9-63F1-000B-1028-F05890D740CC}"
EndProject
Project("{FAE04EC0-301F-11D3-BF4B-00C04F79EFBC}") = "byMarc.Net2.Library.Tokens", "byMarc.Net2.Library.Tokens\byMarc.Net2.Library.Tokens.csproj", "{92B8B17C-3A5A-0B10-0CAB-85C3B96B70D9}"
EndProject
Project("{FAE04EC0-301F-11D3-BF4B-00C04F79EFBC}") = "byMarc.Net2.Library.LanguageParsing.Languages", "byMarc.Net2.Library.LanguageParsing.Languages\byMarc.Net2.Library.LanguageParsing.Languages.csproj", "{425982FA-30AB-0F00-35B7-8F1C4FEAF195}"
EndProject
Project("{9A19103F-16F7-4668-BE54-9A1E7A4F7556}") = "AngbandOS.Tokens", "AngbandOS.Tokens\AngbandOS.Tokens.csproj", "{9EF5859C-4E96-404C-8BAC-59A2DD1BE059}"
EndProject
Project("{9A19103F-16F7-4668-BE54-9A1E7A4F7556}") = "AngbandOS.Tokens.Tests", "AngbandOS.Tokens.Tests\AngbandOS.Tokens.Tests.csproj", "{4B5BE439-5692-4839-85E2-D4E311CCFC81}"
EndProject
Project("{9A19103F-16F7-4668-BE54-9A1E7A4F7556}") = "AngbandOS.Strings", "AngbandOS.Strings\AngbandOS.Strings.csproj", "{41CBDC39-CEB9-48D2-9F74-609429A35E53}"
EndProject
Project("{9A19103F-16F7-4668-BE54-9A1E7A4F7556}") = "AngbandOS.LanguageParsing", "AngbandOS.LanguageParsing\AngbandOS.LanguageParsing.csproj", "{072F78FB-39BA-4730-AB03-204769DF151D}"
EndProject
Project("{9A19103F-16F7-4668-BE54-9A1E7A4F7556}") = "AngbandOS.WpfNet6", "AngbandOS.WpfNet6\AngbandOS.WpfNet6.csproj", "{9DE73C31-7410-4588-9758-C6B8AF036B03}"
EndProject
Project("{FAE04EC0-301F-11D3-BF4B-00C04F79EFBC}") = "AngbandOS.PersistentStorage.FileSystem", "AngbandOS.PersistentStorage.FileSystem\AngbandOS.PersistentStorage.FileSystem.csproj", "{BC3E66FE-4A4B-419E-BDB6-A83EF3F5898B}"
EndProject
Global
	GlobalSection(SolutionConfigurationPlatforms) = preSolution
		Debug (Separate Folders)|Any CPU = Debug (Separate Folders)|Any CPU
		Debug (Separate Folders)|x86 = Debug (Separate Folders)|x86
		Debug|Any CPU = Debug|Any CPU
		Debug|x86 = Debug|x86
		Debug1|Any CPU = Debug1|Any CPU
		Debug1|x86 = Debug1|x86
		Release|Any CPU = Release|Any CPU
		Release|x86 = Release|x86
	EndGlobalSection
	GlobalSection(ProjectConfigurationPlatforms) = postSolution
		{C522F5F4-DB48-4564-83EA-57706DB9FCE5}.Debug (Separate Folders)|Any CPU.ActiveCfg = Debug|Any CPU
		{C522F5F4-DB48-4564-83EA-57706DB9FCE5}.Debug (Separate Folders)|Any CPU.Build.0 = Debug|Any CPU
		{C522F5F4-DB48-4564-83EA-57706DB9FCE5}.Debug (Separate Folders)|x86.ActiveCfg = Debug|Any CPU
		{C522F5F4-DB48-4564-83EA-57706DB9FCE5}.Debug (Separate Folders)|x86.Build.0 = Debug|Any CPU
		{C522F5F4-DB48-4564-83EA-57706DB9FCE5}.Debug|Any CPU.ActiveCfg = Debug|Any CPU
		{C522F5F4-DB48-4564-83EA-57706DB9FCE5}.Debug|Any CPU.Build.0 = Debug|Any CPU
		{C522F5F4-DB48-4564-83EA-57706DB9FCE5}.Debug|x86.ActiveCfg = Debug|Any CPU
		{C522F5F4-DB48-4564-83EA-57706DB9FCE5}.Debug|x86.Build.0 = Debug|Any CPU
		{C522F5F4-DB48-4564-83EA-57706DB9FCE5}.Debug1|Any CPU.ActiveCfg = Debug|Any CPU
		{C522F5F4-DB48-4564-83EA-57706DB9FCE5}.Debug1|Any CPU.Build.0 = Debug|Any CPU
		{C522F5F4-DB48-4564-83EA-57706DB9FCE5}.Debug1|x86.ActiveCfg = Debug|Any CPU
		{C522F5F4-DB48-4564-83EA-57706DB9FCE5}.Debug1|x86.Build.0 = Debug|Any CPU
		{C522F5F4-DB48-4564-83EA-57706DB9FCE5}.Release|Any CPU.ActiveCfg = Release|Any CPU
		{C522F5F4-DB48-4564-83EA-57706DB9FCE5}.Release|Any CPU.Build.0 = Release|Any CPU
		{C522F5F4-DB48-4564-83EA-57706DB9FCE5}.Release|x86.ActiveCfg = Release|Any CPU
		{C522F5F4-DB48-4564-83EA-57706DB9FCE5}.Release|x86.Build.0 = Release|Any CPU
		{E26035CA-839D-411B-8261-071020CFD5E4}.Debug (Separate Folders)|Any CPU.ActiveCfg = Debug|Any CPU
		{E26035CA-839D-411B-8261-071020CFD5E4}.Debug (Separate Folders)|Any CPU.Build.0 = Debug|Any CPU
		{E26035CA-839D-411B-8261-071020CFD5E4}.Debug (Separate Folders)|x86.ActiveCfg = Debug|Any CPU
		{E26035CA-839D-411B-8261-071020CFD5E4}.Debug (Separate Folders)|x86.Build.0 = Debug|Any CPU
		{E26035CA-839D-411B-8261-071020CFD5E4}.Debug|Any CPU.ActiveCfg = Debug|Any CPU
		{E26035CA-839D-411B-8261-071020CFD5E4}.Debug|Any CPU.Build.0 = Debug|Any CPU
		{E26035CA-839D-411B-8261-071020CFD5E4}.Debug|x86.ActiveCfg = Debug|Any CPU
		{E26035CA-839D-411B-8261-071020CFD5E4}.Debug|x86.Build.0 = Debug|Any CPU
		{E26035CA-839D-411B-8261-071020CFD5E4}.Debug1|Any CPU.ActiveCfg = Debug|Any CPU
		{E26035CA-839D-411B-8261-071020CFD5E4}.Debug1|Any CPU.Build.0 = Debug|Any CPU
		{E26035CA-839D-411B-8261-071020CFD5E4}.Debug1|x86.ActiveCfg = Debug|Any CPU
		{E26035CA-839D-411B-8261-071020CFD5E4}.Debug1|x86.Build.0 = Debug|Any CPU
		{E26035CA-839D-411B-8261-071020CFD5E4}.Release|Any CPU.ActiveCfg = Release|Any CPU
		{E26035CA-839D-411B-8261-071020CFD5E4}.Release|Any CPU.Build.0 = Release|Any CPU
		{E26035CA-839D-411B-8261-071020CFD5E4}.Release|x86.ActiveCfg = Release|Any CPU
		{E26035CA-839D-411B-8261-071020CFD5E4}.Release|x86.Build.0 = Release|Any CPU
		{662F352C-2DF7-49CC-A1E8-FD5E9E1106A4}.Debug (Separate Folders)|Any CPU.ActiveCfg = Debug|Any CPU
		{662F352C-2DF7-49CC-A1E8-FD5E9E1106A4}.Debug (Separate Folders)|Any CPU.Build.0 = Debug|Any CPU
		{662F352C-2DF7-49CC-A1E8-FD5E9E1106A4}.Debug (Separate Folders)|x86.ActiveCfg = Debug|Any CPU
		{662F352C-2DF7-49CC-A1E8-FD5E9E1106A4}.Debug (Separate Folders)|x86.Build.0 = Debug|Any CPU
		{662F352C-2DF7-49CC-A1E8-FD5E9E1106A4}.Debug|Any CPU.ActiveCfg = Debug|Any CPU
		{662F352C-2DF7-49CC-A1E8-FD5E9E1106A4}.Debug|Any CPU.Build.0 = Debug|Any CPU
		{662F352C-2DF7-49CC-A1E8-FD5E9E1106A4}.Debug|x86.ActiveCfg = Debug|Any CPU
		{662F352C-2DF7-49CC-A1E8-FD5E9E1106A4}.Debug|x86.Build.0 = Debug|Any CPU
		{662F352C-2DF7-49CC-A1E8-FD5E9E1106A4}.Debug1|Any CPU.ActiveCfg = Debug|Any CPU
		{662F352C-2DF7-49CC-A1E8-FD5E9E1106A4}.Debug1|Any CPU.Build.0 = Debug|Any CPU
		{662F352C-2DF7-49CC-A1E8-FD5E9E1106A4}.Debug1|x86.ActiveCfg = Debug|Any CPU
		{662F352C-2DF7-49CC-A1E8-FD5E9E1106A4}.Debug1|x86.Build.0 = Debug|Any CPU
		{662F352C-2DF7-49CC-A1E8-FD5E9E1106A4}.Release|Any CPU.ActiveCfg = Release|Any CPU
		{662F352C-2DF7-49CC-A1E8-FD5E9E1106A4}.Release|Any CPU.Build.0 = Release|Any CPU
		{662F352C-2DF7-49CC-A1E8-FD5E9E1106A4}.Release|x86.ActiveCfg = Release|Any CPU
		{662F352C-2DF7-49CC-A1E8-FD5E9E1106A4}.Release|x86.Build.0 = Release|Any CPU
		{4BD191CF-F987-4CB4-B620-1E2DAEF1587A}.Debug (Separate Folders)|Any CPU.ActiveCfg = Debug|Any CPU
		{4BD191CF-F987-4CB4-B620-1E2DAEF1587A}.Debug (Separate Folders)|Any CPU.Build.0 = Debug|Any CPU
		{4BD191CF-F987-4CB4-B620-1E2DAEF1587A}.Debug (Separate Folders)|x86.ActiveCfg = Debug|Any CPU
		{4BD191CF-F987-4CB4-B620-1E2DAEF1587A}.Debug (Separate Folders)|x86.Build.0 = Debug|Any CPU
		{4BD191CF-F987-4CB4-B620-1E2DAEF1587A}.Debug|Any CPU.ActiveCfg = Debug|Any CPU
		{4BD191CF-F987-4CB4-B620-1E2DAEF1587A}.Debug|Any CPU.Build.0 = Debug|Any CPU
		{4BD191CF-F987-4CB4-B620-1E2DAEF1587A}.Debug|x86.ActiveCfg = Debug|Any CPU
		{4BD191CF-F987-4CB4-B620-1E2DAEF1587A}.Debug|x86.Build.0 = Debug|Any CPU
		{4BD191CF-F987-4CB4-B620-1E2DAEF1587A}.Debug1|Any CPU.ActiveCfg = Debug|Any CPU
		{4BD191CF-F987-4CB4-B620-1E2DAEF1587A}.Debug1|Any CPU.Build.0 = Debug|Any CPU
		{4BD191CF-F987-4CB4-B620-1E2DAEF1587A}.Debug1|x86.ActiveCfg = Debug|Any CPU
		{4BD191CF-F987-4CB4-B620-1E2DAEF1587A}.Debug1|x86.Build.0 = Debug|Any CPU
		{4BD191CF-F987-4CB4-B620-1E2DAEF1587A}.Release|Any CPU.ActiveCfg = Release|Any CPU
		{4BD191CF-F987-4CB4-B620-1E2DAEF1587A}.Release|Any CPU.Build.0 = Release|Any CPU
		{4BD191CF-F987-4CB4-B620-1E2DAEF1587A}.Release|x86.ActiveCfg = Release|Any CPU
		{4BD191CF-F987-4CB4-B620-1E2DAEF1587A}.Release|x86.Build.0 = Release|Any CPU
		{F71E778D-7043-4676-AACF-B323425A04F9}.Debug (Separate Folders)|Any CPU.ActiveCfg = Debug|Any CPU
		{F71E778D-7043-4676-AACF-B323425A04F9}.Debug (Separate Folders)|Any CPU.Build.0 = Debug|Any CPU
		{F71E778D-7043-4676-AACF-B323425A04F9}.Debug (Separate Folders)|x86.ActiveCfg = Debug|Any CPU
		{F71E778D-7043-4676-AACF-B323425A04F9}.Debug (Separate Folders)|x86.Build.0 = Debug|Any CPU
		{F71E778D-7043-4676-AACF-B323425A04F9}.Debug|Any CPU.ActiveCfg = Debug|Any CPU
		{F71E778D-7043-4676-AACF-B323425A04F9}.Debug|Any CPU.Build.0 = Debug|Any CPU
		{F71E778D-7043-4676-AACF-B323425A04F9}.Debug|x86.ActiveCfg = Debug|Any CPU
		{F71E778D-7043-4676-AACF-B323425A04F9}.Debug|x86.Build.0 = Debug|Any CPU
		{F71E778D-7043-4676-AACF-B323425A04F9}.Debug1|Any CPU.ActiveCfg = Debug|Any CPU
		{F71E778D-7043-4676-AACF-B323425A04F9}.Debug1|Any CPU.Build.0 = Debug|Any CPU
		{F71E778D-7043-4676-AACF-B323425A04F9}.Debug1|x86.ActiveCfg = Debug|Any CPU
		{F71E778D-7043-4676-AACF-B323425A04F9}.Debug1|x86.Build.0 = Debug|Any CPU
		{F71E778D-7043-4676-AACF-B323425A04F9}.Release|Any CPU.ActiveCfg = Release|Any CPU
		{F71E778D-7043-4676-AACF-B323425A04F9}.Release|Any CPU.Build.0 = Release|Any CPU
		{F71E778D-7043-4676-AACF-B323425A04F9}.Release|x86.ActiveCfg = Release|Any CPU
		{F71E778D-7043-4676-AACF-B323425A04F9}.Release|x86.Build.0 = Release|Any CPU
		{5E93CF75-1DB6-0075-063B-10FAE16D1C1D}.Debug (Separate Folders)|Any CPU.ActiveCfg = Debug (Separate Folders)|Any CPU
		{5E93CF75-1DB6-0075-063B-10FAE16D1C1D}.Debug (Separate Folders)|Any CPU.Build.0 = Debug (Separate Folders)|Any CPU
		{5E93CF75-1DB6-0075-063B-10FAE16D1C1D}.Debug (Separate Folders)|x86.ActiveCfg = Debug (Separate Folders)|x86
		{5E93CF75-1DB6-0075-063B-10FAE16D1C1D}.Debug (Separate Folders)|x86.Build.0 = Debug (Separate Folders)|x86
		{5E93CF75-1DB6-0075-063B-10FAE16D1C1D}.Debug|Any CPU.ActiveCfg = Debug|Any CPU
		{5E93CF75-1DB6-0075-063B-10FAE16D1C1D}.Debug|Any CPU.Build.0 = Debug|Any CPU
		{5E93CF75-1DB6-0075-063B-10FAE16D1C1D}.Debug|x86.ActiveCfg = Debug|x86
		{5E93CF75-1DB6-0075-063B-10FAE16D1C1D}.Debug|x86.Build.0 = Debug|x86
		{5E93CF75-1DB6-0075-063B-10FAE16D1C1D}.Debug1|Any CPU.ActiveCfg = Debug1|Any CPU
		{5E93CF75-1DB6-0075-063B-10FAE16D1C1D}.Debug1|Any CPU.Build.0 = Debug1|Any CPU
		{5E93CF75-1DB6-0075-063B-10FAE16D1C1D}.Debug1|x86.ActiveCfg = Debug1|x86
		{5E93CF75-1DB6-0075-063B-10FAE16D1C1D}.Debug1|x86.Build.0 = Debug1|x86
		{5E93CF75-1DB6-0075-063B-10FAE16D1C1D}.Release|Any CPU.ActiveCfg = Release|Any CPU
		{5E93CF75-1DB6-0075-063B-10FAE16D1C1D}.Release|Any CPU.Build.0 = Release|Any CPU
		{5E93CF75-1DB6-0075-063B-10FAE16D1C1D}.Release|x86.ActiveCfg = Release|x86
		{5E93CF75-1DB6-0075-063B-10FAE16D1C1D}.Release|x86.Build.0 = Release|x86
		{9C3DD4F9-63F1-000B-1028-F05890D740CC}.Debug (Separate Folders)|Any CPU.ActiveCfg = Debug (Separate Folders)|Any CPU
		{9C3DD4F9-63F1-000B-1028-F05890D740CC}.Debug (Separate Folders)|Any CPU.Build.0 = Debug (Separate Folders)|Any CPU
		{9C3DD4F9-63F1-000B-1028-F05890D740CC}.Debug (Separate Folders)|x86.ActiveCfg = Debug (Separate Folders)|Any CPU
		{9C3DD4F9-63F1-000B-1028-F05890D740CC}.Debug (Separate Folders)|x86.Build.0 = Debug (Separate Folders)|Any CPU
		{9C3DD4F9-63F1-000B-1028-F05890D740CC}.Debug|Any CPU.ActiveCfg = Debug|Any CPU
		{9C3DD4F9-63F1-000B-1028-F05890D740CC}.Debug|Any CPU.Build.0 = Debug|Any CPU
		{9C3DD4F9-63F1-000B-1028-F05890D740CC}.Debug|x86.ActiveCfg = Debug|Any CPU
		{9C3DD4F9-63F1-000B-1028-F05890D740CC}.Debug|x86.Build.0 = Debug|Any CPU
		{9C3DD4F9-63F1-000B-1028-F05890D740CC}.Debug1|Any CPU.ActiveCfg = Debug1|Any CPU
		{9C3DD4F9-63F1-000B-1028-F05890D740CC}.Debug1|Any CPU.Build.0 = Debug1|Any CPU
		{9C3DD4F9-63F1-000B-1028-F05890D740CC}.Debug1|x86.ActiveCfg = Debug1|Any CPU
		{9C3DD4F9-63F1-000B-1028-F05890D740CC}.Debug1|x86.Build.0 = Debug1|Any CPU
		{9C3DD4F9-63F1-000B-1028-F05890D740CC}.Release|Any CPU.ActiveCfg = Release|Any CPU
		{9C3DD4F9-63F1-000B-1028-F05890D740CC}.Release|Any CPU.Build.0 = Release|Any CPU
		{9C3DD4F9-63F1-000B-1028-F05890D740CC}.Release|x86.ActiveCfg = Release|Any CPU
		{9C3DD4F9-63F1-000B-1028-F05890D740CC}.Release|x86.Build.0 = Release|Any CPU
		{92B8B17C-3A5A-0B10-0CAB-85C3B96B70D9}.Debug (Separate Folders)|Any CPU.ActiveCfg = Debug (Separate Folders)|Any CPU
		{92B8B17C-3A5A-0B10-0CAB-85C3B96B70D9}.Debug (Separate Folders)|Any CPU.Build.0 = Debug (Separate Folders)|Any CPU
		{92B8B17C-3A5A-0B10-0CAB-85C3B96B70D9}.Debug (Separate Folders)|x86.ActiveCfg = Debug (Separate Folders)|Any CPU
		{92B8B17C-3A5A-0B10-0CAB-85C3B96B70D9}.Debug (Separate Folders)|x86.Build.0 = Debug (Separate Folders)|Any CPU
		{92B8B17C-3A5A-0B10-0CAB-85C3B96B70D9}.Debug|Any CPU.ActiveCfg = Debug|Any CPU
		{92B8B17C-3A5A-0B10-0CAB-85C3B96B70D9}.Debug|Any CPU.Build.0 = Debug|Any CPU
		{92B8B17C-3A5A-0B10-0CAB-85C3B96B70D9}.Debug|x86.ActiveCfg = Debug|Any CPU
		{92B8B17C-3A5A-0B10-0CAB-85C3B96B70D9}.Debug|x86.Build.0 = Debug|Any CPU
		{92B8B17C-3A5A-0B10-0CAB-85C3B96B70D9}.Debug1|Any CPU.ActiveCfg = Debug1|Any CPU
		{92B8B17C-3A5A-0B10-0CAB-85C3B96B70D9}.Debug1|Any CPU.Build.0 = Debug1|Any CPU
		{92B8B17C-3A5A-0B10-0CAB-85C3B96B70D9}.Debug1|x86.ActiveCfg = Debug1|Any CPU
		{92B8B17C-3A5A-0B10-0CAB-85C3B96B70D9}.Debug1|x86.Build.0 = Debug1|Any CPU
		{92B8B17C-3A5A-0B10-0CAB-85C3B96B70D9}.Release|Any CPU.ActiveCfg = Release|Any CPU
		{92B8B17C-3A5A-0B10-0CAB-85C3B96B70D9}.Release|Any CPU.Build.0 = Release|Any CPU
		{92B8B17C-3A5A-0B10-0CAB-85C3B96B70D9}.Release|x86.ActiveCfg = Release|Any CPU
		{92B8B17C-3A5A-0B10-0CAB-85C3B96B70D9}.Release|x86.Build.0 = Release|Any CPU
		{425982FA-30AB-0F00-35B7-8F1C4FEAF195}.Debug (Separate Folders)|Any CPU.ActiveCfg = Debug (Separate Folders)|Any CPU
		{425982FA-30AB-0F00-35B7-8F1C4FEAF195}.Debug (Separate Folders)|Any CPU.Build.0 = Debug (Separate Folders)|Any CPU
		{425982FA-30AB-0F00-35B7-8F1C4FEAF195}.Debug (Separate Folders)|x86.ActiveCfg = Debug (Separate Folders)|Any CPU
		{425982FA-30AB-0F00-35B7-8F1C4FEAF195}.Debug (Separate Folders)|x86.Build.0 = Debug (Separate Folders)|Any CPU
		{425982FA-30AB-0F00-35B7-8F1C4FEAF195}.Debug|Any CPU.ActiveCfg = Debug|Any CPU
		{425982FA-30AB-0F00-35B7-8F1C4FEAF195}.Debug|Any CPU.Build.0 = Debug|Any CPU
		{425982FA-30AB-0F00-35B7-8F1C4FEAF195}.Debug|x86.ActiveCfg = Debug|Any CPU
		{425982FA-30AB-0F00-35B7-8F1C4FEAF195}.Debug|x86.Build.0 = Debug|Any CPU
		{425982FA-30AB-0F00-35B7-8F1C4FEAF195}.Debug1|Any CPU.ActiveCfg = Debug1|Any CPU
		{425982FA-30AB-0F00-35B7-8F1C4FEAF195}.Debug1|Any CPU.Build.0 = Debug1|Any CPU
		{425982FA-30AB-0F00-35B7-8F1C4FEAF195}.Debug1|x86.ActiveCfg = Debug1|Any CPU
		{425982FA-30AB-0F00-35B7-8F1C4FEAF195}.Debug1|x86.Build.0 = Debug1|Any CPU
		{425982FA-30AB-0F00-35B7-8F1C4FEAF195}.Release|Any CPU.ActiveCfg = Release|Any CPU
		{425982FA-30AB-0F00-35B7-8F1C4FEAF195}.Release|Any CPU.Build.0 = Release|Any CPU
		{425982FA-30AB-0F00-35B7-8F1C4FEAF195}.Release|x86.ActiveCfg = Release|Any CPU
		{425982FA-30AB-0F00-35B7-8F1C4FEAF195}.Release|x86.Build.0 = Release|Any CPU
		{9EF5859C-4E96-404C-8BAC-59A2DD1BE059}.Debug (Separate Folders)|Any CPU.ActiveCfg = Debug|Any CPU
		{9EF5859C-4E96-404C-8BAC-59A2DD1BE059}.Debug (Separate Folders)|Any CPU.Build.0 = Debug|Any CPU
		{9EF5859C-4E96-404C-8BAC-59A2DD1BE059}.Debug (Separate Folders)|x86.ActiveCfg = Debug|Any CPU
		{9EF5859C-4E96-404C-8BAC-59A2DD1BE059}.Debug (Separate Folders)|x86.Build.0 = Debug|Any CPU
		{9EF5859C-4E96-404C-8BAC-59A2DD1BE059}.Debug|Any CPU.ActiveCfg = Debug|Any CPU
		{9EF5859C-4E96-404C-8BAC-59A2DD1BE059}.Debug|Any CPU.Build.0 = Debug|Any CPU
		{9EF5859C-4E96-404C-8BAC-59A2DD1BE059}.Debug|x86.ActiveCfg = Debug|Any CPU
		{9EF5859C-4E96-404C-8BAC-59A2DD1BE059}.Debug|x86.Build.0 = Debug|Any CPU
		{9EF5859C-4E96-404C-8BAC-59A2DD1BE059}.Debug1|Any CPU.ActiveCfg = Debug|Any CPU
		{9EF5859C-4E96-404C-8BAC-59A2DD1BE059}.Debug1|Any CPU.Build.0 = Debug|Any CPU
		{9EF5859C-4E96-404C-8BAC-59A2DD1BE059}.Debug1|x86.ActiveCfg = Debug|Any CPU
		{9EF5859C-4E96-404C-8BAC-59A2DD1BE059}.Debug1|x86.Build.0 = Debug|Any CPU
		{9EF5859C-4E96-404C-8BAC-59A2DD1BE059}.Release|Any CPU.ActiveCfg = Release|Any CPU
		{9EF5859C-4E96-404C-8BAC-59A2DD1BE059}.Release|Any CPU.Build.0 = Release|Any CPU
		{9EF5859C-4E96-404C-8BAC-59A2DD1BE059}.Release|x86.ActiveCfg = Release|Any CPU
		{9EF5859C-4E96-404C-8BAC-59A2DD1BE059}.Release|x86.Build.0 = Release|Any CPU
		{4B5BE439-5692-4839-85E2-D4E311CCFC81}.Debug (Separate Folders)|Any CPU.ActiveCfg = Debug|Any CPU
		{4B5BE439-5692-4839-85E2-D4E311CCFC81}.Debug (Separate Folders)|Any CPU.Build.0 = Debug|Any CPU
		{4B5BE439-5692-4839-85E2-D4E311CCFC81}.Debug (Separate Folders)|x86.ActiveCfg = Debug|Any CPU
		{4B5BE439-5692-4839-85E2-D4E311CCFC81}.Debug (Separate Folders)|x86.Build.0 = Debug|Any CPU
		{4B5BE439-5692-4839-85E2-D4E311CCFC81}.Debug|Any CPU.ActiveCfg = Debug|Any CPU
		{4B5BE439-5692-4839-85E2-D4E311CCFC81}.Debug|Any CPU.Build.0 = Debug|Any CPU
		{4B5BE439-5692-4839-85E2-D4E311CCFC81}.Debug|x86.ActiveCfg = Debug|Any CPU
		{4B5BE439-5692-4839-85E2-D4E311CCFC81}.Debug|x86.Build.0 = Debug|Any CPU
		{4B5BE439-5692-4839-85E2-D4E311CCFC81}.Debug1|Any CPU.ActiveCfg = Debug|Any CPU
		{4B5BE439-5692-4839-85E2-D4E311CCFC81}.Debug1|Any CPU.Build.0 = Debug|Any CPU
		{4B5BE439-5692-4839-85E2-D4E311CCFC81}.Debug1|x86.ActiveCfg = Debug|Any CPU
		{4B5BE439-5692-4839-85E2-D4E311CCFC81}.Debug1|x86.Build.0 = Debug|Any CPU
		{4B5BE439-5692-4839-85E2-D4E311CCFC81}.Release|Any CPU.ActiveCfg = Release|Any CPU
		{4B5BE439-5692-4839-85E2-D4E311CCFC81}.Release|Any CPU.Build.0 = Release|Any CPU
		{4B5BE439-5692-4839-85E2-D4E311CCFC81}.Release|x86.ActiveCfg = Release|Any CPU
		{4B5BE439-5692-4839-85E2-D4E311CCFC81}.Release|x86.Build.0 = Release|Any CPU
		{41CBDC39-CEB9-48D2-9F74-609429A35E53}.Debug (Separate Folders)|Any CPU.ActiveCfg = Debug|Any CPU
		{41CBDC39-CEB9-48D2-9F74-609429A35E53}.Debug (Separate Folders)|Any CPU.Build.0 = Debug|Any CPU
		{41CBDC39-CEB9-48D2-9F74-609429A35E53}.Debug (Separate Folders)|x86.ActiveCfg = Debug|Any CPU
		{41CBDC39-CEB9-48D2-9F74-609429A35E53}.Debug (Separate Folders)|x86.Build.0 = Debug|Any CPU
		{41CBDC39-CEB9-48D2-9F74-609429A35E53}.Debug|Any CPU.ActiveCfg = Debug|Any CPU
		{41CBDC39-CEB9-48D2-9F74-609429A35E53}.Debug|Any CPU.Build.0 = Debug|Any CPU
		{41CBDC39-CEB9-48D2-9F74-609429A35E53}.Debug|x86.ActiveCfg = Debug|Any CPU
		{41CBDC39-CEB9-48D2-9F74-609429A35E53}.Debug|x86.Build.0 = Debug|Any CPU
		{41CBDC39-CEB9-48D2-9F74-609429A35E53}.Debug1|Any CPU.ActiveCfg = Debug|Any CPU
		{41CBDC39-CEB9-48D2-9F74-609429A35E53}.Debug1|Any CPU.Build.0 = Debug|Any CPU
		{41CBDC39-CEB9-48D2-9F74-609429A35E53}.Debug1|x86.ActiveCfg = Debug|Any CPU
		{41CBDC39-CEB9-48D2-9F74-609429A35E53}.Debug1|x86.Build.0 = Debug|Any CPU
		{41CBDC39-CEB9-48D2-9F74-609429A35E53}.Release|Any CPU.ActiveCfg = Release|Any CPU
		{41CBDC39-CEB9-48D2-9F74-609429A35E53}.Release|Any CPU.Build.0 = Release|Any CPU
		{41CBDC39-CEB9-48D2-9F74-609429A35E53}.Release|x86.ActiveCfg = Release|Any CPU
		{41CBDC39-CEB9-48D2-9F74-609429A35E53}.Release|x86.Build.0 = Release|Any CPU
		{072F78FB-39BA-4730-AB03-204769DF151D}.Debug (Separate Folders)|Any CPU.ActiveCfg = Debug|Any CPU
		{072F78FB-39BA-4730-AB03-204769DF151D}.Debug (Separate Folders)|Any CPU.Build.0 = Debug|Any CPU
		{072F78FB-39BA-4730-AB03-204769DF151D}.Debug (Separate Folders)|x86.ActiveCfg = Debug|Any CPU
		{072F78FB-39BA-4730-AB03-204769DF151D}.Debug (Separate Folders)|x86.Build.0 = Debug|Any CPU
		{072F78FB-39BA-4730-AB03-204769DF151D}.Debug|Any CPU.ActiveCfg = Debug|Any CPU
		{072F78FB-39BA-4730-AB03-204769DF151D}.Debug|Any CPU.Build.0 = Debug|Any CPU
		{072F78FB-39BA-4730-AB03-204769DF151D}.Debug|x86.ActiveCfg = Debug|Any CPU
		{072F78FB-39BA-4730-AB03-204769DF151D}.Debug|x86.Build.0 = Debug|Any CPU
		{072F78FB-39BA-4730-AB03-204769DF151D}.Debug1|Any CPU.ActiveCfg = Debug|Any CPU
		{072F78FB-39BA-4730-AB03-204769DF151D}.Debug1|Any CPU.Build.0 = Debug|Any CPU
		{072F78FB-39BA-4730-AB03-204769DF151D}.Debug1|x86.ActiveCfg = Debug|Any CPU
		{072F78FB-39BA-4730-AB03-204769DF151D}.Debug1|x86.Build.0 = Debug|Any CPU
		{072F78FB-39BA-4730-AB03-204769DF151D}.Release|Any CPU.ActiveCfg = Release|Any CPU
		{072F78FB-39BA-4730-AB03-204769DF151D}.Release|Any CPU.Build.0 = Release|Any CPU
		{072F78FB-39BA-4730-AB03-204769DF151D}.Release|x86.ActiveCfg = Release|Any CPU
		{072F78FB-39BA-4730-AB03-204769DF151D}.Release|x86.Build.0 = Release|Any CPU
		{9DE73C31-7410-4588-9758-C6B8AF036B03}.Debug (Separate Folders)|Any CPU.ActiveCfg = Debug|Any CPU
		{9DE73C31-7410-4588-9758-C6B8AF036B03}.Debug (Separate Folders)|Any CPU.Build.0 = Debug|Any CPU
		{9DE73C31-7410-4588-9758-C6B8AF036B03}.Debug (Separate Folders)|x86.ActiveCfg = Debug|Any CPU
		{9DE73C31-7410-4588-9758-C6B8AF036B03}.Debug (Separate Folders)|x86.Build.0 = Debug|Any CPU
		{9DE73C31-7410-4588-9758-C6B8AF036B03}.Debug|Any CPU.ActiveCfg = Debug|Any CPU
		{9DE73C31-7410-4588-9758-C6B8AF036B03}.Debug|Any CPU.Build.0 = Debug|Any CPU
		{9DE73C31-7410-4588-9758-C6B8AF036B03}.Debug|x86.ActiveCfg = Debug|Any CPU
		{9DE73C31-7410-4588-9758-C6B8AF036B03}.Debug|x86.Build.0 = Debug|Any CPU
		{9DE73C31-7410-4588-9758-C6B8AF036B03}.Debug1|Any CPU.ActiveCfg = Debug|Any CPU
		{9DE73C31-7410-4588-9758-C6B8AF036B03}.Debug1|Any CPU.Build.0 = Debug|Any CPU
		{9DE73C31-7410-4588-9758-C6B8AF036B03}.Debug1|x86.ActiveCfg = Debug|Any CPU
		{9DE73C31-7410-4588-9758-C6B8AF036B03}.Debug1|x86.Build.0 = Debug|Any CPU
		{9DE73C31-7410-4588-9758-C6B8AF036B03}.Release|Any CPU.ActiveCfg = Release|Any CPU
		{9DE73C31-7410-4588-9758-C6B8AF036B03}.Release|Any CPU.Build.0 = Release|Any CPU
		{9DE73C31-7410-4588-9758-C6B8AF036B03}.Release|x86.ActiveCfg = Release|Any CPU
		{9DE73C31-7410-4588-9758-C6B8AF036B03}.Release|x86.Build.0 = Release|Any CPU
		{BC3E66FE-4A4B-419E-BDB6-A83EF3F5898B}.Debug (Separate Folders)|Any CPU.ActiveCfg = Debug|Any CPU
		{BC3E66FE-4A4B-419E-BDB6-A83EF3F5898B}.Debug (Separate Folders)|Any CPU.Build.0 = Debug|Any CPU
		{BC3E66FE-4A4B-419E-BDB6-A83EF3F5898B}.Debug (Separate Folders)|x86.ActiveCfg = Debug|Any CPU
		{BC3E66FE-4A4B-419E-BDB6-A83EF3F5898B}.Debug (Separate Folders)|x86.Build.0 = Debug|Any CPU
		{BC3E66FE-4A4B-419E-BDB6-A83EF3F5898B}.Debug|Any CPU.ActiveCfg = Debug|Any CPU
		{BC3E66FE-4A4B-419E-BDB6-A83EF3F5898B}.Debug|Any CPU.Build.0 = Debug|Any CPU
		{BC3E66FE-4A4B-419E-BDB6-A83EF3F5898B}.Debug|x86.ActiveCfg = Debug|Any CPU
		{BC3E66FE-4A4B-419E-BDB6-A83EF3F5898B}.Debug|x86.Build.0 = Debug|Any CPU
		{BC3E66FE-4A4B-419E-BDB6-A83EF3F5898B}.Debug1|Any CPU.ActiveCfg = Debug|Any CPU
		{BC3E66FE-4A4B-419E-BDB6-A83EF3F5898B}.Debug1|Any CPU.Build.0 = Debug|Any CPU
		{BC3E66FE-4A4B-419E-BDB6-A83EF3F5898B}.Debug1|x86.ActiveCfg = Debug|Any CPU
		{BC3E66FE-4A4B-419E-BDB6-A83EF3F5898B}.Debug1|x86.Build.0 = Debug|Any CPU
		{BC3E66FE-4A4B-419E-BDB6-A83EF3F5898B}.Release|Any CPU.ActiveCfg = Release|Any CPU
		{BC3E66FE-4A4B-419E-BDB6-A83EF3F5898B}.Release|Any CPU.Build.0 = Release|Any CPU
		{BC3E66FE-4A4B-419E-BDB6-A83EF3F5898B}.Release|x86.ActiveCfg = Release|Any CPU
		{BC3E66FE-4A4B-419E-BDB6-A83EF3F5898B}.Release|x86.Build.0 = Release|Any CPU
	EndGlobalSection
	GlobalSection(SolutionProperties) = preSolution
		HideSolutionNode = FALSE
	EndGlobalSection
	GlobalSection(ExtensibilityGlobals) = postSolution
		SolutionGuid = {BAEA4871-5943-4663-A75B-F73242F8E73D}
	EndGlobalSection
EndGlobal
